# THIS IS AN AUTOGENERATED FILE. DO NOT EDIT THIS FILE DIRECTLY.
# yarn lockfile v1


array-range@^1.0.1:
  version "1.0.1"
  resolved "https://registry.yarnpkg.com/array-range/-/array-range-1.0.1.tgz#f56e46591843611c6a56f77ef02eda7c50089bfc"

babel-runtime@^6.23.0, babel-runtime@^6.5.0:
  version "6.26.0"
  resolved "https://registry.yarnpkg.com/babel-runtime/-/babel-runtime-6.26.0.tgz#965c7058668e82b55d7bfe04ff2337bc8b5647fe"
  dependencies:
    core-js "^2.4.0"
    regenerator-runtime "^0.11.0"

contain-by-screen@^1.2.1:
  version "1.2.1"
  resolved "https://registry.yarnpkg.com/contain-by-screen/-/contain-by-screen-1.2.1.tgz#122930304955c3c4cdd9502892371995231872a8"
  dependencies:
    babel-runtime "^6.23.0"
    envify "^4.1.0"
    lodash "^4.6.1"

core-js@^2.4.0:
  version "2.5.7"
  resolved "https://registry.yarnpkg.com/core-js/-/core-js-2.5.7.tgz#f972608ff0cead68b841a16a932d0b183791814e"

envify@^4.1.0:
  version "4.1.0"
  resolved "https://registry.yarnpkg.com/envify/-/envify-4.1.0.tgz#f39ad3db9d6801b4e6b478b61028d3f0b6819f7e"
  dependencies:
    esprima "^4.0.0"
    through "~2.3.4"

esprima@^4.0.0:
  version "4.0.1"
  resolved "https://registry.yarnpkg.com/esprima/-/esprima-4.0.1.tgz#13b04cdb3e6c5d19df91ab6987a8695619b0aa71"

flow-bin@^0.79.1:
  version "0.79.1"
  resolved "https://registry.yarnpkg.com/flow-bin/-/flow-bin-0.79.1.tgz#01c9f427baa6556753fa878c192d42e1ecb764b6"

lodash@^4.6.1:
  version "4.17.10"
  resolved "https://registry.yarnpkg.com/lodash/-/lodash-4.17.10.tgz#1b7793cf7259ea38fb3661d4d38b3260af8ae4e7"

regenerator-runtime@^0.11.0:
  version "0.11.1"
  resolved "https://registry.yarnpkg.com/regenerator-runtime/-/regenerator-runtime-0.11.1.tgz#be05ad7f9bf7d22e056f9726cee5017fbf19e2e9"

through@~2.3.4:
  version "2.3.8"
  resolved "https://registry.yarnpkg.com/through/-/through-2.3.8.tgz#0dd4c9ffaabc357960b1b724115d7e0e86a2e1f5"

ud@^3.2.0:
  version "3.2.0"
  resolved "https://registry.yarnpkg.com/ud/-/ud-3.2.0.tgz#a724ce1e7b49361b01bccfcacc67ea342d87d45e"
  dependencies:
    array-range "^1.0.1"
    babel-runtime "^6.5.0"
    zip-object "^0.1.0"

zip-object@^0.1.0:
  version "0.1.0"
  resolved "https://registry.yarnpkg.com/zip-object/-/zip-object-0.1.0.tgz#c1a0da04c88c837756e248680a03ff902ec3f53a"
